
Microsoft Visual Studio Solution File, Format Version 12.00
# Visual Studio Version 16
VisualStudioVersion = 16.0.31911.196
MinimumVisualStudioVersion = 10.0.40219.1
Project("{FAE04EC0-301F-11D3-BF4B-00C04F79EFBC}") = "AlgoritmoDijkstra", "AlgoritmoDijkstra\AlgoritmoDijkstra.csproj", "{6ABACFC9-09B7-4B70-BA2E-B96A449CE71F}"
EndProject
Global
	GlobalSection(SolutionConfigurationPlatforms) = preSolution
		Debug|Any CPU = Debug|Any CPU
		Release|Any CPU = Release|Any CPU
	EndGlobalSection
	GlobalSection(ProjectConfigurationPlatforms) = postSolution
		{6ABACFC9-09B7-4B70-BA2E-B96A449CE71F}.Debug|Any CPU.ActiveCfg = Debug|Any CPU
		{6ABACFC9-09B7-4B70-BA2E-B96A449CE71F}.Debug|Any CPU.Build.0 = Debug|Any CPU
		{6ABACFC9-09B7-4B70-BA2E-B96A449CE71F}.Release|Any CPU.ActiveCfg = Release|Any CPU
		{6ABACFC9-09B7-4B70-BA2E-B96A449CE71F}.Release|Any CPU.Build.0 = Release|Any CPU
	EndGlobalSection
	GlobalSection(SolutionProperties) = preSolution
		HideSolutionNode = FALSE
	EndGlobalSection
	GlobalSection(ExtensibilityGlobals) = postSolution
		SolutionGuid = {F272D89B-6172-4C75-AF43-1252D42F119D}
	EndGlobalSection
EndGlobal
